
Microsoft Visual Studio Solution File, Format Version 12.00
# Visual Studio Version 16
VisualStudioVersion = 16.0.29911.84
MinimumVisualStudioVersion = 10.0.40219.1
Project("{FAE04EC0-301F-11D3-BF4B-00C04F79EFBC}") = "Assignment2", "Assignment2\Assignment2.csproj", "{D3A0D8C7-FA9E-42E9-8D6D-9051E8F25018}"
EndProject
Global
	GlobalSection(SolutionConfigurationPlatforms) = preSolution
		Debug|Any CPU = Debug|Any CPU
		Release|Any CPU = Release|Any CPU
	EndGlobalSection
	GlobalSection(ProjectConfigurationPlatforms) = postSolution
		{D3A0D8C7-FA9E-42E9-8D6D-9051E8F25018}.Debug|Any CPU.ActiveCfg = Debug|Any CPU
		{D3A0D8C7-FA9E-42E9-8D6D-9051E8F25018}.Debug|Any CPU.Build.0 = Debug|Any CPU
		{D3A0D8C7-FA9E-42E9-8D6D-9051E8F25018}.Release|Any CPU.ActiveCfg = Release|Any CPU
		{D3A0D8C7-FA9E-42E9-8D6D-9051E8F25018}.Release|Any CPU.Build.0 = Release|Any CPU
	EndGlobalSection
	GlobalSection(SolutionProperties) = preSolution
		HideSolutionNode = FALSE
	EndGlobalSection
	GlobalSection(ExtensibilityGlobals) = postSolution
		SolutionGuid = {DA02E77A-3845-47C0-8E6C-2AB6A60665E4}
	EndGlobalSection
EndGlobal
