
Microsoft Visual Studio Solution File, Format Version 12.00
# Visual Studio Version 16
VisualStudioVersion = 16.0.29911.84
MinimumVisualStudioVersion = 10.0.40219.1
Project("{FAE04EC0-301F-11D3-BF4B-00C04F79EFBC}") = "ExcelToSql", "ExcelToSql\ExcelToSql.csproj", "{8BCCCE50-8B9A-419F-9CCA-25B4E650B5AE}"
EndProject
Global
	GlobalSection(SolutionConfigurationPlatforms) = preSolution
		Debug|Any CPU = Debug|Any CPU
		Release|Any CPU = Release|Any CPU
	EndGlobalSection
	GlobalSection(ProjectConfigurationPlatforms) = postSolution
		{8BCCCE50-8B9A-419F-9CCA-25B4E650B5AE}.Debug|Any CPU.ActiveCfg = Debug|Any CPU
		{8BCCCE50-8B9A-419F-9CCA-25B4E650B5AE}.Debug|Any CPU.Build.0 = Debug|Any CPU
		{8BCCCE50-8B9A-419F-9CCA-25B4E650B5AE}.Release|Any CPU.ActiveCfg = Release|Any CPU
		{8BCCCE50-8B9A-419F-9CCA-25B4E650B5AE}.Release|Any CPU.Build.0 = Release|Any CPU
	EndGlobalSection
	GlobalSection(SolutionProperties) = preSolution
		HideSolutionNode = FALSE
	EndGlobalSection
	GlobalSection(ExtensibilityGlobals) = postSolution
		SolutionGuid = {EC0979A0-B2F5-447D-8722-DEEBCCD1C62A}
	EndGlobalSection
EndGlobal
